
Microsoft Visual Studio Solution File, Format Version 11.00
# Visual Studio 2010
Project("{FAE04EC0-301F-11D3-BF4B-00C04F79EFBC}") = "OwlSecureWebService", "OwlSecureWebService\OwlSecureWebService.csproj", "{68F75EED-EB31-4AF2-B3E5-D8D8FDD584FB}"
EndProject
Project("{FAE04EC0-301F-11D3-BF4B-00C04F79EFBC}") = "OwlSecurePhoneApp", "OwlSecurePhoneApp\OwlSecurePhoneApp.csproj", "{17EB020B-0556-467A-AD24-E91505313716}"
EndProject
Global
	GlobalSection(SolutionConfigurationPlatforms) = preSolution
		Debug|Any CPU = Debug|Any CPU
		Release|Any CPU = Release|Any CPU
	EndGlobalSection
	GlobalSection(ProjectConfigurationPlatforms) = postSolution
		{68F75EED-EB31-4AF2-B3E5-D8D8FDD584FB}.Debug|Any CPU.ActiveCfg = Debug|Any CPU
		{68F75EED-EB31-4AF2-B3E5-D8D8FDD584FB}.Debug|Any CPU.Build.0 = Debug|Any CPU
		{68F75EED-EB31-4AF2-B3E5-D8D8FDD584FB}.Release|Any CPU.ActiveCfg = Release|Any CPU
		{68F75EED-EB31-4AF2-B3E5-D8D8FDD584FB}.Release|Any CPU.Build.0 = Release|Any CPU
		{17EB020B-0556-467A-AD24-E91505313716}.Debug|Any CPU.ActiveCfg = Debug|Any CPU
		{17EB020B-0556-467A-AD24-E91505313716}.Debug|Any CPU.Build.0 = Debug|Any CPU
		{17EB020B-0556-467A-AD24-E91505313716}.Debug|Any CPU.Deploy.0 = Debug|Any CPU
		{17EB020B-0556-467A-AD24-E91505313716}.Release|Any CPU.ActiveCfg = Release|Any CPU
		{17EB020B-0556-467A-AD24-E91505313716}.Release|Any CPU.Build.0 = Release|Any CPU
		{17EB020B-0556-467A-AD24-E91505313716}.Release|Any CPU.Deploy.0 = Release|Any CPU
	EndGlobalSection
	GlobalSection(SolutionProperties) = preSolution
		HideSolutionNode = FALSE
	EndGlobalSection
EndGlobal
